
Microsoft Visual Studio Solution File, Format Version 12.00
# Visual Studio 2012
Project("{FAE04EC0-301F-11D3-BF4B-00C04F79EFBC}") = "Value.Framework.Core", "Vlad.Framework.Core\Value.Framework.Core.csproj", "{07E5DA8B-6018-427B-9ECD-9C39AC691036}"
EndProject
Project("{FAE04EC0-301F-11D3-BF4B-00C04F79EFBC}") = "Value.Framework.UnitTests", "Vlad.Framework.UnitTests\Value.Framework.UnitTests.csproj", "{D080195E-560B-4A30-837D-A1239A823EC2}"
EndProject
Project("{FAE04EC0-301F-11D3-BF4B-00C04F79EFBC}") = "Value.Framework.Aspectacular", "Value.Framework.Aspectacular\Value.Framework.Aspectacular.csproj", "{AA70188E-305F-4910-AFEC-6DB7E79F8603}"
EndProject
Project("{FAE04EC0-301F-11D3-BF4B-00C04F79EFBC}") = "Example.AdventureWorks2008_Dal", "Example.AdventureWorks2008ObjectContext_Dal\Example.AdventureWorks2008_Dal.csproj", "{E728FBE5-B2AD-47FB-91C1-9E42C3B93A10}"
EndProject
Project("{FAE04EC0-301F-11D3-BF4B-00C04F79EFBC}") = "Value.Framework.Aspectacular.EntityFramework", "Value.Framework.Aspectacular.EntityFramework\Value.Framework.Aspectacular.EntityFramework.csproj", "{ECC659DC-B903-40E9-9382-07BF719CF5B0}"
EndProject
Project("{FAE04EC0-301F-11D3-BF4B-00C04F79EFBC}") = "Value.Framework.Aspectacular.Web", "Value.Framework.Aspectacular.Web\Value.Framework.Aspectacular.Web.csproj", "{273275C4-4AE2-4CD1-8C1E-75ED8BFD50A1}"
EndProject
Project("{FAE04EC0-301F-11D3-BF4B-00C04F79EFBC}") = "NuGet.All", "NuGet.All\NuGet.All.csproj", "{0451BAEF-DF2E-4B98-8644-94EE9415E389}"
EndProject
Project("{2150E333-8FDC-42A3-9474-1A3956D46DE8}") = "NuGet Projects", "NuGet Projects", "{7626D21B-3354-41AE-B74D-476B0EB7978F}"
EndProject
Project("{2150E333-8FDC-42A3-9474-1A3956D46DE8}") = ".nuget", ".nuget", "{D77CD267-7C0B-4A70-B316-05E0B3224155}"
	ProjectSection(SolutionItems) = preProject
		.nuget\NuGet.Config = .nuget\NuGet.Config
		.nuget\NuGet.exe = .nuget\NuGet.exe
		.nuget\NuGet.targets = .nuget\NuGet.targets
	EndProjectSection
EndProject
Project("{FAE04EC0-301F-11D3-BF4B-00C04F79EFBC}") = "NuGet.EntityFramework", "NuGet.EntityFramework\NuGet.EntityFramework.csproj", "{E407327C-AA24-4CAF-A872-910697E1598A}"
EndProject
Global
	GlobalSection(SolutionConfigurationPlatforms) = preSolution
		Debug|Any CPU = Debug|Any CPU
		Release|Any CPU = Release|Any CPU
	EndGlobalSection
	GlobalSection(ProjectConfigurationPlatforms) = postSolution
		{07E5DA8B-6018-427B-9ECD-9C39AC691036}.Debug|Any CPU.ActiveCfg = Debug|Any CPU
		{07E5DA8B-6018-427B-9ECD-9C39AC691036}.Debug|Any CPU.Build.0 = Debug|Any CPU
		{07E5DA8B-6018-427B-9ECD-9C39AC691036}.Release|Any CPU.ActiveCfg = Release|Any CPU
		{07E5DA8B-6018-427B-9ECD-9C39AC691036}.Release|Any CPU.Build.0 = Release|Any CPU
		{D080195E-560B-4A30-837D-A1239A823EC2}.Debug|Any CPU.ActiveCfg = Debug|Any CPU
		{D080195E-560B-4A30-837D-A1239A823EC2}.Debug|Any CPU.Build.0 = Debug|Any CPU
		{D080195E-560B-4A30-837D-A1239A823EC2}.Release|Any CPU.ActiveCfg = Release|Any CPU
		{D080195E-560B-4A30-837D-A1239A823EC2}.Release|Any CPU.Build.0 = Release|Any CPU
		{AA70188E-305F-4910-AFEC-6DB7E79F8603}.Debug|Any CPU.ActiveCfg = Debug|Any CPU
		{AA70188E-305F-4910-AFEC-6DB7E79F8603}.Debug|Any CPU.Build.0 = Debug|Any CPU
		{AA70188E-305F-4910-AFEC-6DB7E79F8603}.Release|Any CPU.ActiveCfg = Release|Any CPU
		{AA70188E-305F-4910-AFEC-6DB7E79F8603}.Release|Any CPU.Build.0 = Release|Any CPU
		{E728FBE5-B2AD-47FB-91C1-9E42C3B93A10}.Debug|Any CPU.ActiveCfg = Debug|Any CPU
		{E728FBE5-B2AD-47FB-91C1-9E42C3B93A10}.Debug|Any CPU.Build.0 = Debug|Any CPU
		{E728FBE5-B2AD-47FB-91C1-9E42C3B93A10}.Release|Any CPU.ActiveCfg = Release|Any CPU
		{E728FBE5-B2AD-47FB-91C1-9E42C3B93A10}.Release|Any CPU.Build.0 = Release|Any CPU
		{ECC659DC-B903-40E9-9382-07BF719CF5B0}.Debug|Any CPU.ActiveCfg = Debug|Any CPU
		{ECC659DC-B903-40E9-9382-07BF719CF5B0}.Debug|Any CPU.Build.0 = Debug|Any CPU
		{ECC659DC-B903-40E9-9382-07BF719CF5B0}.Release|Any CPU.ActiveCfg = Release|Any CPU
		{ECC659DC-B903-40E9-9382-07BF719CF5B0}.Release|Any CPU.Build.0 = Release|Any CPU
		{273275C4-4AE2-4CD1-8C1E-75ED8BFD50A1}.Debug|Any CPU.ActiveCfg = Debug|Any CPU
		{273275C4-4AE2-4CD1-8C1E-75ED8BFD50A1}.Debug|Any CPU.Build.0 = Debug|Any CPU
		{273275C4-4AE2-4CD1-8C1E-75ED8BFD50A1}.Release|Any CPU.ActiveCfg = Release|Any CPU
		{273275C4-4AE2-4CD1-8C1E-75ED8BFD50A1}.Release|Any CPU.Build.0 = Release|Any CPU
		{0451BAEF-DF2E-4B98-8644-94EE9415E389}.Debug|Any CPU.ActiveCfg = Debug|Any CPU
		{0451BAEF-DF2E-4B98-8644-94EE9415E389}.Release|Any CPU.ActiveCfg = Release|Any CPU
		{0451BAEF-DF2E-4B98-8644-94EE9415E389}.Release|Any CPU.Build.0 = Release|Any CPU
		{E407327C-AA24-4CAF-A872-910697E1598A}.Debug|Any CPU.ActiveCfg = Debug|Any CPU
		{E407327C-AA24-4CAF-A872-910697E1598A}.Release|Any CPU.ActiveCfg = Release|Any CPU
		{E407327C-AA24-4CAF-A872-910697E1598A}.Release|Any CPU.Build.0 = Release|Any CPU
	EndGlobalSection
	GlobalSection(SolutionProperties) = preSolution
		HideSolutionNode = FALSE
	EndGlobalSection
	GlobalSection(NestedProjects) = preSolution
		{0451BAEF-DF2E-4B98-8644-94EE9415E389} = {7626D21B-3354-41AE-B74D-476B0EB7978F}
		{E407327C-AA24-4CAF-A872-910697E1598A} = {7626D21B-3354-41AE-B74D-476B0EB7978F}
	EndGlobalSection
EndGlobal
