
Microsoft Visual Studio Solution File, Format Version 12.00
# Visual Studio 2013
VisualStudioVersion = 12.0.31101.0
MinimumVisualStudioVersion = 10.0.40219.1
Project("{FAE04EC0-301F-11D3-BF4B-00C04F79EFBC}") = "Aspectacular.Framework.Core.40", "Aspectacular.Framework.Core.40\Aspectacular.Framework.Core.40.csproj", "{C08753DD-60A8-4FAB-9118-232A23B8A8CB}"
EndProject
Project("{FAE04EC0-301F-11D3-BF4B-00C04F79EFBC}") = "Aspectacular.Framework.Main.40", "Aspectacular.Framework.Main.40\Aspectacular.Framework.Main.40.csproj", "{DA93101C-B550-439F-8B99-54F28F8B2F00}"
EndProject
Project("{2150E333-8FDC-42A3-9474-1A3956D46DE8}") = "Solution Items", "Solution Items", "{56AC364B-0346-49E4-B842-D45CBF545D0F}"
	ProjectSection(SolutionItems) = preProject
		..\UnsecuredKey.snk = ..\UnsecuredKey.snk
	EndProjectSection
EndProject
Project("{FAE04EC0-301F-11D3-BF4B-00C04F79EFBC}") = "Aspectacular.Framework.EntityFramework.40", "Aspectacular.Framework.EntityFramework.40\Aspectacular.Framework.EntityFramework.40.csproj", "{BDEF966C-E582-4CD8-8B35-43110A41DF09}"
EndProject
Project("{2150E333-8FDC-42A3-9474-1A3956D46DE8}") = ".nuget", ".nuget", "{4A1113E0-9A3A-4653-B536-BA3F9B6EFA15}"
	ProjectSection(SolutionItems) = preProject
		.nuget\NuGet.Config = .nuget\NuGet.Config
		.nuget\NuGet.exe = .nuget\NuGet.exe
		.nuget\NuGet.targets = .nuget\NuGet.targets
	EndProjectSection
EndProject
Project("{FAE04EC0-301F-11D3-BF4B-00C04F79EFBC}") = "Aspectacular.Framework.Web.40", "Aspectacular.Framework.Web.40\Aspectacular.Framework.Web.40.csproj", "{31B39315-2FA1-494C-A53D-0DB4AFE9DBDC}"
EndProject
Project("{FAE04EC0-301F-11D3-BF4B-00C04F79EFBC}") = "Example.AdventureWorks2008_Dal.40", "Example.AdventureWorks2008_Dal.40\Example.AdventureWorks2008_Dal.40.csproj", "{DE8278EC-E745-45A9-8990-318A778E7FD9}"
EndProject
Project("{FAE04EC0-301F-11D3-BF4B-00C04F79EFBC}") = "Aspectacular.Framework.UnitTests.40", "Aspectacular.Framework.UnitTests.40\Aspectacular.Framework.UnitTests.40.csproj", "{4EC5AECE-843E-408D-A0D4-CE7AA174349E}"
EndProject
Global
	GlobalSection(SolutionConfigurationPlatforms) = preSolution
		Debug|Any CPU = Debug|Any CPU
		Release|Any CPU = Release|Any CPU
	EndGlobalSection
	GlobalSection(ProjectConfigurationPlatforms) = postSolution
		{C08753DD-60A8-4FAB-9118-232A23B8A8CB}.Debug|Any CPU.ActiveCfg = Debug|Any CPU
		{C08753DD-60A8-4FAB-9118-232A23B8A8CB}.Debug|Any CPU.Build.0 = Debug|Any CPU
		{C08753DD-60A8-4FAB-9118-232A23B8A8CB}.Release|Any CPU.ActiveCfg = Release|Any CPU
		{C08753DD-60A8-4FAB-9118-232A23B8A8CB}.Release|Any CPU.Build.0 = Release|Any CPU
		{DA93101C-B550-439F-8B99-54F28F8B2F00}.Debug|Any CPU.ActiveCfg = Debug|Any CPU
		{DA93101C-B550-439F-8B99-54F28F8B2F00}.Debug|Any CPU.Build.0 = Debug|Any CPU
		{DA93101C-B550-439F-8B99-54F28F8B2F00}.Release|Any CPU.ActiveCfg = Release|Any CPU
		{DA93101C-B550-439F-8B99-54F28F8B2F00}.Release|Any CPU.Build.0 = Release|Any CPU
		{BDEF966C-E582-4CD8-8B35-43110A41DF09}.Debug|Any CPU.ActiveCfg = Debug|Any CPU
		{BDEF966C-E582-4CD8-8B35-43110A41DF09}.Debug|Any CPU.Build.0 = Debug|Any CPU
		{BDEF966C-E582-4CD8-8B35-43110A41DF09}.Release|Any CPU.ActiveCfg = Release|Any CPU
		{BDEF966C-E582-4CD8-8B35-43110A41DF09}.Release|Any CPU.Build.0 = Release|Any CPU
		{31B39315-2FA1-494C-A53D-0DB4AFE9DBDC}.Debug|Any CPU.ActiveCfg = Debug|Any CPU
		{31B39315-2FA1-494C-A53D-0DB4AFE9DBDC}.Debug|Any CPU.Build.0 = Debug|Any CPU
		{31B39315-2FA1-494C-A53D-0DB4AFE9DBDC}.Release|Any CPU.ActiveCfg = Release|Any CPU
		{31B39315-2FA1-494C-A53D-0DB4AFE9DBDC}.Release|Any CPU.Build.0 = Release|Any CPU
		{DE8278EC-E745-45A9-8990-318A778E7FD9}.Debug|Any CPU.ActiveCfg = Debug|Any CPU
		{DE8278EC-E745-45A9-8990-318A778E7FD9}.Debug|Any CPU.Build.0 = Debug|Any CPU
		{DE8278EC-E745-45A9-8990-318A778E7FD9}.Release|Any CPU.ActiveCfg = Release|Any CPU
		{DE8278EC-E745-45A9-8990-318A778E7FD9}.Release|Any CPU.Build.0 = Release|Any CPU
		{4EC5AECE-843E-408D-A0D4-CE7AA174349E}.Debug|Any CPU.ActiveCfg = Debug|Any CPU
		{4EC5AECE-843E-408D-A0D4-CE7AA174349E}.Debug|Any CPU.Build.0 = Debug|Any CPU
		{4EC5AECE-843E-408D-A0D4-CE7AA174349E}.Release|Any CPU.ActiveCfg = Release|Any CPU
		{4EC5AECE-843E-408D-A0D4-CE7AA174349E}.Release|Any CPU.Build.0 = Release|Any CPU
	EndGlobalSection
	GlobalSection(SolutionProperties) = preSolution
		HideSolutionNode = FALSE
	EndGlobalSection
EndGlobal
